<?xml version="1.0" encoding="utf-8"?>
<Project ToolsVersion="4.0" xmlns="http://schemas.microsoft.com/developer/msbuild/2003">
  <ItemGroup>
    <Filter Include="소스 파일">
      <UniqueIdentifier>{4FC737F1-C7A5-4376-A066-2A32D752A2FF}</UniqueIdentifier>
      <Extensions>cpp;c;cc;cxx;def;odl;idl;hpj;bat;asm;asmx</Extensions>
    </Filter>
    <Filter Include="헤더 파일">
      <UniqueIdentifier>{93995380-89BD-4b04-88EB-625FBE52EBFB}</UniqueIdentifier>
      <Extensions>h;hh;hpp;hxx;hm;inl;inc;ipp;xsd</Extensions>
    </Filter>
    <Filter Include="리소스 파일">
      <UniqueIdentifier>{67DA6AB6-F800-4c08-8B7A-83BB121AAD01}</UniqueIdentifier>
      <Extensions>rc;ico;cur;bmp;dlg;rc2;rct;bin;rgs;gif;jpg;jpeg;jpe;resx;tiff;tif;png;wav;mfcribbon-ms</Extensions>
    </Filter>
    <Filter Include="소스 파일\GameObject">
      <UniqueIdentifier>{6a44b2a2-a91d-4d4c-b6cf-b911cfb8251b}</UniqueIdentifier>
    </Filter>
    <Filter Include="소스 파일\Manager">
      <UniqueIdentifier>{cf11d7ac-f11c-442c-a124-dc3135b0daf9}</UniqueIdentifier>
    </Filter>
    <Filter Include="소스 파일\Bitmap, Sprite">
      <UniqueIdentifier>{21569d14-979f-4fe1-a59f-a2c94634485b}</UniqueIdentifier>
    </Filter>
    <Filter Include="소스 파일\Sound">
      <UniqueIdentifier>{51ee043d-b63a-49a3-b284-a5e0fb812e20}</UniqueIdentifier>
    </Filter>
    <Filter Include="소스 파일\Util">
      <UniqueIdentifier>{f03dc2ec-3e7b-4291-ba95-2484785640a0}</UniqueIdentifier>
    </Filter>
    <Filter Include="소스 파일\System">
      <UniqueIdentifier>{7d916c23-fcd3-46c0-92a4-64159b2e2ad9}</UniqueIdentifier>
    </Filter>
    <Filter Include="헤더 파일\Bitmap, Sprite">
      <UniqueIdentifier>{b9f57aed-cd74-4a47-8f57-83900a7f369e}</UniqueIdentifier>
    </Filter>
    <Filter Include="소스 파일\UI">
      <UniqueIdentifier>{d47f25d8-46ba-4249-97d7-43d28c95d1d2}</UniqueIdentifier>
    </Filter>
  </ItemGroup>
  <ItemGroup>
    <ResourceCompile Include="PCoreLib.rc">
      <Filter>리소스 파일</Filter>
    </ResourceCompile>
  </ItemGroup>
  <ItemGroup>
    <Image Include="small.ico">
      <Filter>리소스 파일</Filter>
    </Image>
    <Image Include="PCoreLib.ico">
      <Filter>리소스 파일</Filter>
    </Image>
  </ItemGroup>
  <ItemGroup>
    <ClInclude Include="PPlayerController.h">
      <Filter>헤더 파일</Filter>
    </ClInclude>
    <ClInclude Include="PBitmap.h">
      <Filter>소스 파일\Bitmap, Sprite</Filter>
    </ClInclude>
    <ClInclude Include="PSprite.h">
      <Filter>소스 파일\Bitmap, Sprite</Filter>
    </ClInclude>
    <ClInclude Include="PSpriteManager.h">
      <Filter>소스 파일\Manager</Filter>
    </ClInclude>
    <ClInclude Include="PSoundMgr.h">
      <Filter>소스 파일\Manager</Filter>
    </ClInclude>
    <ClInclude Include="PWallAndPlatform.h">
      <Filter>소스 파일\Manager</Filter>
    </ClInclude>
    <ClInclude Include="PBitmapManager.h">
      <Filter>소스 파일\Manager</Filter>
    </ClInclude>
    <ClInclude Include="PCharacter.h">
      <Filter>소스 파일\GameObject</Filter>
    </ClInclude>
    <ClInclude Include="PMonster.h">
      <Filter>소스 파일\GameObject</Filter>
    </ClInclude>
    <ClInclude Include="PPlayerCharacter.h">
      <Filter>소스 파일\GameObject</Filter>
    </ClInclude>
    <ClInclude Include="PRectObject.h">
      <Filter>소스 파일\GameObject</Filter>
    </ClInclude>
    <ClInclude Include="P2DCamera.h">
      <Filter>소스 파일\Util</Filter>
    </ClInclude>
    <ClInclude Include="PCollision.h">
      <Filter>소스 파일\Util</Filter>
    </ClInclude>
    <ClInclude Include="PPhysicsModule.h">
      <Filter>소스 파일\Util</Filter>
    </ClInclude>
    <ClInclude Include="PObjectRotateUtil.h">
      <Filter>소스 파일\Util</Filter>
    </ClInclude>
    <ClInclude Include="PInput.h">
      <Filter>소스 파일\System</Filter>
    </ClInclude>
    <ClInclude Include="PCore.h">
      <Filter>소스 파일\System</Filter>
    </ClInclude>
    <ClInclude Include="PSound.h">
      <Filter>소스 파일\System</Filter>
    </ClInclude>
    <ClInclude Include="PStd.h">
      <Filter>소스 파일\System</Filter>
    </ClInclude>
    <ClInclude Include="PTimer.h">
      <Filter>소스 파일\System</Filter>
    </ClInclude>
    <ClInclude Include="PWindow.h">
      <Filter>소스 파일\System</Filter>
    </ClInclude>
    <ClInclude Include="PObjectInfoManager.h">
      <Filter>소스 파일\Manager</Filter>
    </ClInclude>
    <ClInclude Include="PButtonControl.h">
      <Filter>소스 파일\UI</Filter>
    </ClInclude>
    <ClInclude Include="PImageControl.h">
      <Filter>소스 파일\UI</Filter>
    </ClInclude>
    <ClInclude Include="PUIComponent.h">
      <Filter>소스 파일\UI</Filter>
    </ClInclude>
    <ClInclude Include="PUIDataManager.h">
      <Filter>소스 파일\Manager</Filter>
    </ClInclude>
    <ClInclude Include="PObjectDataManager.h">
      <Filter>소스 파일\Manager</Filter>
    </ClInclude>
    <ClInclude Include="PPlayerStatus.h">
      <Filter>소스 파일\Util</Filter>
    </ClInclude>
  </ItemGroup>
  <ItemGroup>
    <ClCompile Include="PPlayerController.cpp">
      <Filter>소스 파일</Filter>
    </ClCompile>
    <ClCompile Include="PSprite.cpp">
      <Filter>소스 파일\Bitmap, Sprite</Filter>
    </ClCompile>
    <ClCompile Include="PPlayerCharacter.cpp">
      <Filter>소스 파일\GameObject</Filter>
    </ClCompile>
    <ClCompile Include="PMonster.cpp">
      <Filter>소스 파일\GameObject</Filter>
    </ClCompile>
    <ClCompile Include="PCharacter.cpp">
      <Filter>소스 파일\GameObject</Filter>
    </ClCompile>
    <ClCompile Include="PRectObject.cpp">
      <Filter>소스 파일\GameObject</Filter>
    </ClCompile>
    <ClCompile Include="PBitmap.cpp">
      <Filter>소스 파일\Bitmap, Sprite</Filter>
    </ClCompile>
    <ClCompile Include="PBitmapManager.cpp">
      <Filter>소스 파일\Manager</Filter>
    </ClCompile>
    <ClCompile Include="PSoundMgr.cpp">
      <Filter>소스 파일\Manager</Filter>
    </ClCompile>
    <ClCompile Include="PSound.cpp">
      <Filter>소스 파일\Sound</Filter>
    </ClCompile>
    <ClCompile Include="PObjectRotateUtil.cpp">
      <Filter>소스 파일\Util</Filter>
    </ClCompile>
    <ClCompile Include="PPhysicsModule.cpp">
      <Filter>소스 파일\Util</Filter>
    </ClCompile>
    <ClCompile Include="PCollision.cpp">
      <Filter>소스 파일\Util</Filter>
    </ClCompile>
    <ClCompile Include="P2DCamera.cpp">
      <Filter>소스 파일\Util</Filter>
    </ClCompile>
    <ClCompile Include="PTimer.cpp">
      <Filter>소스 파일\System</Filter>
    </ClCompile>
    <ClCompile Include="PInput.cpp">
      <Filter>소스 파일\System</Filter>
    </ClCompile>
    <ClCompile Include="PCore.cpp">
      <Filter>소스 파일\System</Filter>
    </ClCompile>
    <ClCompile Include="PWindow.cpp">
      <Filter>소스 파일\System</Filter>
    </ClCompile>
    <ClCompile Include="PWallAndPlatform.cpp">
      <Filter>소스 파일\Manager</Filter>
    </ClCompile>
    <ClCompile Include="PSpriteManager.cpp">
      <Filter>소스 파일\Manager</Filter>
    </ClCompile>
    <ClCompile Include="PObjectInfoManager.cpp">
      <Filter>소스 파일\Manager</Filter>
    </ClCompile>
    <ClCompile Include="PButtonControl.cpp">
      <Filter>소스 파일\UI</Filter>
    </ClCompile>
    <ClCompile Include="PImageControl.cpp">
      <Filter>소스 파일\UI</Filter>
    </ClCompile>
    <ClCompile Include="PUIComponent.cpp">
      <Filter>소스 파일\UI</Filter>
    </ClCompile>
    <ClCompile Include="PUIDataManager.cpp">
      <Filter>소스 파일\Manager</Filter>
    </ClCompile>
    <ClCompile Include="PObjectDataManager.cpp">
      <Filter>소스 파일\Manager</Filter>
    </ClCompile>
    <ClCompile Include="PPlayerStatus.cpp">
      <Filter>소스 파일\Util</Filter>
    </ClCompile>
  </ItemGroup>
</Project>