
Microsoft Visual Studio Solution File, Format Version 12.00
# Visual Studio 15
VisualStudioVersion = 15.0.28307.539
MinimumVisualStudioVersion = 10.0.40219.1
Project("{8BC9CEB8-8B4A-11D0-8D11-00A0C91BC942}") = "Project1", "Project1\Project1.vcxproj", "{A99FAD2C-C0AF-4DD4-9943-B9EB578B7EC9}"
EndProject
Project("{8BC9CEB8-8B4A-11D0-8D11-00A0C91BC942}") = "Practice", "Practice\Practice.vcxproj", "{07B17F9A-1900-498C-BDC4-C850F2929A6B}"
EndProject
Project("{8BC9CEB8-8B4A-11D0-8D11-00A0C91BC942}") = "Practice2", "Practice2\Practice2.vcxproj", "{B43464E6-6DC1-4B06-8C54-727E81D847DB}"
EndProject
Project("{8BC9CEB8-8B4A-11D0-8D11-00A0C91BC942}") = "BinaryTree", "BinaryTree\BinaryTree.vcxproj", "{210BC807-863C-4417-ADCC-4B6D4623E401}"
EndProject
Project("{8BC9CEB8-8B4A-11D0-8D11-00A0C91BC942}") = "Heap", "Heap\Heap.vcxproj", "{7AAD9961-BA4D-4F01-BE06-8A55C071398D}"
EndProject
Project("{8BC9CEB8-8B4A-11D0-8D11-00A0C91BC942}") = "Practice3", "Practice3\Practice3.vcxproj", "{FEFACDBB-359D-4999-BADB-906BAAB8552E}"
EndProject
Project("{8BC9CEB8-8B4A-11D0-8D11-00A0C91BC942}") = "ArraySort", "ArraySort\ArraySort.vcxproj", "{F6FA7D30-2A8F-4085-B5DE-74834FF9D109}"
EndProject
Project("{8BC9CEB8-8B4A-11D0-8D11-00A0C91BC942}") = "Greedy1", "Greedy1\Greedy1.vcxproj", "{88D819A5-07BC-4E99-A09B-37467B3179F2}"
EndProject
Project("{8BC9CEB8-8B4A-11D0-8D11-00A0C91BC942}") = "WindowsProject1", "WindowsProject1\WindowsProject1.vcxproj", "{741B2721-0E6D-402C-8384-9CEB6FC67B6A}"
EndProject
Project("{8BC9CEB8-8B4A-11D0-8D11-00A0C91BC942}") = "FIBO", "FIBO\FIBO.vcxproj", "{F6494263-3FF8-4187-876F-9E4693E719DB}"
EndProject
Project("{8BC9CEB8-8B4A-11D0-8D11-00A0C91BC942}") = "LCS", "LCS\LCS.vcxproj", "{C542DDA4-858C-4038-BEC0-76B0AECBFF84}"
EndProject
Project("{8BC9CEB8-8B4A-11D0-8D11-00A0C91BC942}") = "HashMap-Chaning", "HashMap-Chaning\HashMap-Chaning.vcxproj", "{4E206F68-1233-4877-B974-629552C8DD09}"
EndProject
Project("{8BC9CEB8-8B4A-11D0-8D11-00A0C91BC942}") = "연습용", "연습용\연습용.vcxproj", "{6639E99E-73F4-4635-A1E1-E56F4685527A}"
EndProject
Global
	GlobalSection(SolutionConfigurationPlatforms) = preSolution
		Debug|x64 = Debug|x64
		Debug|x86 = Debug|x86
		Release|x64 = Release|x64
		Release|x86 = Release|x86
	EndGlobalSection
	GlobalSection(ProjectConfigurationPlatforms) = postSolution
		{A99FAD2C-C0AF-4DD4-9943-B9EB578B7EC9}.Debug|x64.ActiveCfg = Debug|x64
		{A99FAD2C-C0AF-4DD4-9943-B9EB578B7EC9}.Debug|x64.Build.0 = Debug|x64
		{A99FAD2C-C0AF-4DD4-9943-B9EB578B7EC9}.Debug|x86.ActiveCfg = Debug|Win32
		{A99FAD2C-C0AF-4DD4-9943-B9EB578B7EC9}.Debug|x86.Build.0 = Debug|Win32
		{A99FAD2C-C0AF-4DD4-9943-B9EB578B7EC9}.Release|x64.ActiveCfg = Release|x64
		{A99FAD2C-C0AF-4DD4-9943-B9EB578B7EC9}.Release|x64.Build.0 = Release|x64
		{A99FAD2C-C0AF-4DD4-9943-B9EB578B7EC9}.Release|x86.ActiveCfg = Release|Win32
		{A99FAD2C-C0AF-4DD4-9943-B9EB578B7EC9}.Release|x86.Build.0 = Release|Win32
		{07B17F9A-1900-498C-BDC4-C850F2929A6B}.Debug|x64.ActiveCfg = Debug|x64
		{07B17F9A-1900-498C-BDC4-C850F2929A6B}.Debug|x64.Build.0 = Debug|x64
		{07B17F9A-1900-498C-BDC4-C850F2929A6B}.Debug|x86.ActiveCfg = Debug|Win32
		{07B17F9A-1900-498C-BDC4-C850F2929A6B}.Debug|x86.Build.0 = Debug|Win32
		{07B17F9A-1900-498C-BDC4-C850F2929A6B}.Release|x64.ActiveCfg = Release|x64
		{07B17F9A-1900-498C-BDC4-C850F2929A6B}.Release|x64.Build.0 = Release|x64
		{07B17F9A-1900-498C-BDC4-C850F2929A6B}.Release|x86.ActiveCfg = Release|Win32
		{07B17F9A-1900-498C-BDC4-C850F2929A6B}.Release|x86.Build.0 = Release|Win32
		{B43464E6-6DC1-4B06-8C54-727E81D847DB}.Debug|x64.ActiveCfg = Debug|x64
		{B43464E6-6DC1-4B06-8C54-727E81D847DB}.Debug|x64.Build.0 = Debug|x64
		{B43464E6-6DC1-4B06-8C54-727E81D847DB}.Debug|x86.ActiveCfg = Debug|Win32
		{B43464E6-6DC1-4B06-8C54-727E81D847DB}.Debug|x86.Build.0 = Debug|Win32
		{B43464E6-6DC1-4B06-8C54-727E81D847DB}.Release|x64.ActiveCfg = Release|x64
		{B43464E6-6DC1-4B06-8C54-727E81D847DB}.Release|x64.Build.0 = Release|x64
		{B43464E6-6DC1-4B06-8C54-727E81D847DB}.Release|x86.ActiveCfg = Release|Win32
		{B43464E6-6DC1-4B06-8C54-727E81D847DB}.Release|x86.Build.0 = Release|Win32
		{210BC807-863C-4417-ADCC-4B6D4623E401}.Debug|x64.ActiveCfg = Debug|x64
		{210BC807-863C-4417-ADCC-4B6D4623E401}.Debug|x64.Build.0 = Debug|x64
		{210BC807-863C-4417-ADCC-4B6D4623E401}.Debug|x86.ActiveCfg = Debug|Win32
		{210BC807-863C-4417-ADCC-4B6D4623E401}.Debug|x86.Build.0 = Debug|Win32
		{210BC807-863C-4417-ADCC-4B6D4623E401}.Release|x64.ActiveCfg = Release|x64
		{210BC807-863C-4417-ADCC-4B6D4623E401}.Release|x64.Build.0 = Release|x64
		{210BC807-863C-4417-ADCC-4B6D4623E401}.Release|x86.ActiveCfg = Release|Win32
		{210BC807-863C-4417-ADCC-4B6D4623E401}.Release|x86.Build.0 = Release|Win32
		{7AAD9961-BA4D-4F01-BE06-8A55C071398D}.Debug|x64.ActiveCfg = Debug|x64
		{7AAD9961-BA4D-4F01-BE06-8A55C071398D}.Debug|x64.Build.0 = Debug|x64
		{7AAD9961-BA4D-4F01-BE06-8A55C071398D}.Debug|x86.ActiveCfg = Debug|Win32
		{7AAD9961-BA4D-4F01-BE06-8A55C071398D}.Debug|x86.Build.0 = Debug|Win32
		{7AAD9961-BA4D-4F01-BE06-8A55C071398D}.Release|x64.ActiveCfg = Release|x64
		{7AAD9961-BA4D-4F01-BE06-8A55C071398D}.Release|x64.Build.0 = Release|x64
		{7AAD9961-BA4D-4F01-BE06-8A55C071398D}.Release|x86.ActiveCfg = Release|Win32
		{7AAD9961-BA4D-4F01-BE06-8A55C071398D}.Release|x86.Build.0 = Release|Win32
		{FEFACDBB-359D-4999-BADB-906BAAB8552E}.Debug|x64.ActiveCfg = Debug|x64
		{FEFACDBB-359D-4999-BADB-906BAAB8552E}.Debug|x64.Build.0 = Debug|x64
		{FEFACDBB-359D-4999-BADB-906BAAB8552E}.Debug|x86.ActiveCfg = Debug|Win32
		{FEFACDBB-359D-4999-BADB-906BAAB8552E}.Debug|x86.Build.0 = Debug|Win32
		{FEFACDBB-359D-4999-BADB-906BAAB8552E}.Release|x64.ActiveCfg = Release|x64
		{FEFACDBB-359D-4999-BADB-906BAAB8552E}.Release|x64.Build.0 = Release|x64
		{FEFACDBB-359D-4999-BADB-906BAAB8552E}.Release|x86.ActiveCfg = Release|Win32
		{FEFACDBB-359D-4999-BADB-906BAAB8552E}.Release|x86.Build.0 = Release|Win32
		{F6FA7D30-2A8F-4085-B5DE-74834FF9D109}.Debug|x64.ActiveCfg = Debug|x64
		{F6FA7D30-2A8F-4085-B5DE-74834FF9D109}.Debug|x64.Build.0 = Debug|x64
		{F6FA7D30-2A8F-4085-B5DE-74834FF9D109}.Debug|x86.ActiveCfg = Debug|Win32
		{F6FA7D30-2A8F-4085-B5DE-74834FF9D109}.Debug|x86.Build.0 = Debug|Win32
		{F6FA7D30-2A8F-4085-B5DE-74834FF9D109}.Release|x64.ActiveCfg = Release|x64
		{F6FA7D30-2A8F-4085-B5DE-74834FF9D109}.Release|x64.Build.0 = Release|x64
		{F6FA7D30-2A8F-4085-B5DE-74834FF9D109}.Release|x86.ActiveCfg = Release|Win32
		{F6FA7D30-2A8F-4085-B5DE-74834FF9D109}.Release|x86.Build.0 = Release|Win32
		{88D819A5-07BC-4E99-A09B-37467B3179F2}.Debug|x64.ActiveCfg = Debug|x64
		{88D819A5-07BC-4E99-A09B-37467B3179F2}.Debug|x64.Build.0 = Debug|x64
		{88D819A5-07BC-4E99-A09B-37467B3179F2}.Debug|x86.ActiveCfg = Debug|Win32
		{88D819A5-07BC-4E99-A09B-37467B3179F2}.Debug|x86.Build.0 = Debug|Win32
		{88D819A5-07BC-4E99-A09B-37467B3179F2}.Release|x64.ActiveCfg = Release|x64
		{88D819A5-07BC-4E99-A09B-37467B3179F2}.Release|x64.Build.0 = Release|x64
		{88D819A5-07BC-4E99-A09B-37467B3179F2}.Release|x86.ActiveCfg = Release|Win32
		{88D819A5-07BC-4E99-A09B-37467B3179F2}.Release|x86.Build.0 = Release|Win32
		{741B2721-0E6D-402C-8384-9CEB6FC67B6A}.Debug|x64.ActiveCfg = Debug|x64
		{741B2721-0E6D-402C-8384-9CEB6FC67B6A}.Debug|x64.Build.0 = Debug|x64
		{741B2721-0E6D-402C-8384-9CEB6FC67B6A}.Debug|x86.ActiveCfg = Debug|Win32
		{741B2721-0E6D-402C-8384-9CEB6FC67B6A}.Debug|x86.Build.0 = Debug|Win32
		{741B2721-0E6D-402C-8384-9CEB6FC67B6A}.Release|x64.ActiveCfg = Release|x64
		{741B2721-0E6D-402C-8384-9CEB6FC67B6A}.Release|x64.Build.0 = Release|x64
		{741B2721-0E6D-402C-8384-9CEB6FC67B6A}.Release|x86.ActiveCfg = Release|Win32
		{741B2721-0E6D-402C-8384-9CEB6FC67B6A}.Release|x86.Build.0 = Release|Win32
		{F6494263-3FF8-4187-876F-9E4693E719DB}.Debug|x64.ActiveCfg = Debug|x64
		{F6494263-3FF8-4187-876F-9E4693E719DB}.Debug|x64.Build.0 = Debug|x64
		{F6494263-3FF8-4187-876F-9E4693E719DB}.Debug|x86.ActiveCfg = Debug|Win32
		{F6494263-3FF8-4187-876F-9E4693E719DB}.Debug|x86.Build.0 = Debug|Win32
		{F6494263-3FF8-4187-876F-9E4693E719DB}.Release|x64.ActiveCfg = Release|x64
		{F6494263-3FF8-4187-876F-9E4693E719DB}.Release|x64.Build.0 = Release|x64
		{F6494263-3FF8-4187-876F-9E4693E719DB}.Release|x86.ActiveCfg = Release|Win32
		{F6494263-3FF8-4187-876F-9E4693E719DB}.Release|x86.Build.0 = Release|Win32
		{C542DDA4-858C-4038-BEC0-76B0AECBFF84}.Debug|x64.ActiveCfg = Debug|x64
		{C542DDA4-858C-4038-BEC0-76B0AECBFF84}.Debug|x64.Build.0 = Debug|x64
		{C542DDA4-858C-4038-BEC0-76B0AECBFF84}.Debug|x86.ActiveCfg = Debug|Win32
		{C542DDA4-858C-4038-BEC0-76B0AECBFF84}.Debug|x86.Build.0 = Debug|Win32
		{C542DDA4-858C-4038-BEC0-76B0AECBFF84}.Release|x64.ActiveCfg = Release|x64
		{C542DDA4-858C-4038-BEC0-76B0AECBFF84}.Release|x64.Build.0 = Release|x64
		{C542DDA4-858C-4038-BEC0-76B0AECBFF84}.Release|x86.ActiveCfg = Release|Win32
		{C542DDA4-858C-4038-BEC0-76B0AECBFF84}.Release|x86.Build.0 = Release|Win32
		{4E206F68-1233-4877-B974-629552C8DD09}.Debug|x64.ActiveCfg = Debug|x64
		{4E206F68-1233-4877-B974-629552C8DD09}.Debug|x64.Build.0 = Debug|x64
		{4E206F68-1233-4877-B974-629552C8DD09}.Debug|x86.ActiveCfg = Debug|Win32
		{4E206F68-1233-4877-B974-629552C8DD09}.Debug|x86.Build.0 = Debug|Win32
		{4E206F68-1233-4877-B974-629552C8DD09}.Release|x64.ActiveCfg = Release|x64
		{4E206F68-1233-4877-B974-629552C8DD09}.Release|x64.Build.0 = Release|x64
		{4E206F68-1233-4877-B974-629552C8DD09}.Release|x86.ActiveCfg = Release|Win32
		{4E206F68-1233-4877-B974-629552C8DD09}.Release|x86.Build.0 = Release|Win32
		{6639E99E-73F4-4635-A1E1-E56F4685527A}.Debug|x64.ActiveCfg = Debug|x64
		{6639E99E-73F4-4635-A1E1-E56F4685527A}.Debug|x64.Build.0 = Debug|x64
		{6639E99E-73F4-4635-A1E1-E56F4685527A}.Debug|x86.ActiveCfg = Debug|Win32
		{6639E99E-73F4-4635-A1E1-E56F4685527A}.Debug|x86.Build.0 = Debug|Win32
		{6639E99E-73F4-4635-A1E1-E56F4685527A}.Release|x64.ActiveCfg = Release|x64
		{6639E99E-73F4-4635-A1E1-E56F4685527A}.Release|x64.Build.0 = Release|x64
		{6639E99E-73F4-4635-A1E1-E56F4685527A}.Release|x86.ActiveCfg = Release|Win32
		{6639E99E-73F4-4635-A1E1-E56F4685527A}.Release|x86.Build.0 = Release|Win32
	EndGlobalSection
	GlobalSection(SolutionProperties) = preSolution
		HideSolutionNode = FALSE
	EndGlobalSection
	GlobalSection(ExtensibilityGlobals) = postSolution
		SolutionGuid = {D846912F-D316-4DF6-9317-8C6EEF0DD58F}
	EndGlobalSection
EndGlobal
