
Microsoft Visual Studio Solution File, Format Version 12.00
# Visual Studio 15
VisualStudioVersion = 15.0.28307.572
MinimumVisualStudioVersion = 10.0.40219.1
Project("{8BC9CEB8-8B4A-11D0-8D11-00A0C91BC942}") = "PCoreLib", "PCoreLib\PCoreLib.vcxproj", "{7BD277D4-F7F3-4464-907D-C8AE28181A85}"
EndProject
Project("{8BC9CEB8-8B4A-11D0-8D11-00A0C91BC942}") = "DrawBitmap", "DrawBitmap\DrawBitmap.vcxproj", "{84B98A9A-116E-46EC-8C0B-82C965FC708F}"
EndProject
Project("{8BC9CEB8-8B4A-11D0-8D11-00A0C91BC942}") = "PBitmapLibrary", "PBitmapLibrary\PBitmapLibrary.vcxproj", "{96667F63-58DF-4EF9-B116-87158D9E2CFE}"
	ProjectSection(ProjectDependencies) = postProject
		{7BD277D4-F7F3-4464-907D-C8AE28181A85} = {7BD277D4-F7F3-4464-907D-C8AE28181A85}
	EndProjectSection
EndProject
Project("{8BC9CEB8-8B4A-11D0-8D11-00A0C91BC942}") = "PSpritePack", "PSpritePack\PSpritePack.vcxproj", "{CC9633E0-5FAD-4DB4-B0BD-2FFD8B5D6746}"
	ProjectSection(ProjectDependencies) = postProject
		{7BD277D4-F7F3-4464-907D-C8AE28181A85} = {7BD277D4-F7F3-4464-907D-C8AE28181A85}
	EndProjectSection
EndProject
Project("{8BC9CEB8-8B4A-11D0-8D11-00A0C91BC942}") = "BitmapBlend", "BitmapBlend\BitmapBlend.vcxproj", "{79A25A18-13B8-4602-A6BC-4FF1B9E49433}"
EndProject
Project("{8BC9CEB8-8B4A-11D0-8D11-00A0C91BC942}") = "BitmapBlendProto", "BitmapBlendProto\BitmapBlendProto.vcxproj", "{AB29D76B-51EC-4332-9E9B-4EF37EE64341}"
EndProject
Project("{8BC9CEB8-8B4A-11D0-8D11-00A0C91BC942}") = "BoxCollision", "BoxCollision\BoxCollision.vcxproj", "{E456373A-C0EE-4C0F-A190-6C9D2EE9D677}"
EndProject
Project("{8BC9CEB8-8B4A-11D0-8D11-00A0C91BC942}") = "Button", "Button\Button.vcxproj", "{33DB2A1A-C1A1-45AF-8EF0-05474DD492DE}"
EndProject
Global
	GlobalSection(SolutionConfigurationPlatforms) = preSolution
		Debug|x64 = Debug|x64
		Debug|x86 = Debug|x86
		Release|x64 = Release|x64
		Release|x86 = Release|x86
	EndGlobalSection
	GlobalSection(ProjectConfigurationPlatforms) = postSolution
		{7BD277D4-F7F3-4464-907D-C8AE28181A85}.Debug|x64.ActiveCfg = Debug|x64
		{7BD277D4-F7F3-4464-907D-C8AE28181A85}.Debug|x64.Build.0 = Debug|x64
		{7BD277D4-F7F3-4464-907D-C8AE28181A85}.Debug|x86.ActiveCfg = Debug|Win32
		{7BD277D4-F7F3-4464-907D-C8AE28181A85}.Debug|x86.Build.0 = Debug|Win32
		{7BD277D4-F7F3-4464-907D-C8AE28181A85}.Release|x64.ActiveCfg = Release|x64
		{7BD277D4-F7F3-4464-907D-C8AE28181A85}.Release|x64.Build.0 = Release|x64
		{7BD277D4-F7F3-4464-907D-C8AE28181A85}.Release|x86.ActiveCfg = Release|Win32
		{7BD277D4-F7F3-4464-907D-C8AE28181A85}.Release|x86.Build.0 = Release|Win32
		{84B98A9A-116E-46EC-8C0B-82C965FC708F}.Debug|x64.ActiveCfg = Debug|x64
		{84B98A9A-116E-46EC-8C0B-82C965FC708F}.Debug|x64.Build.0 = Debug|x64
		{84B98A9A-116E-46EC-8C0B-82C965FC708F}.Debug|x86.ActiveCfg = Debug|Win32
		{84B98A9A-116E-46EC-8C0B-82C965FC708F}.Debug|x86.Build.0 = Debug|Win32
		{84B98A9A-116E-46EC-8C0B-82C965FC708F}.Release|x64.ActiveCfg = Release|x64
		{84B98A9A-116E-46EC-8C0B-82C965FC708F}.Release|x64.Build.0 = Release|x64
		{84B98A9A-116E-46EC-8C0B-82C965FC708F}.Release|x86.ActiveCfg = Release|Win32
		{84B98A9A-116E-46EC-8C0B-82C965FC708F}.Release|x86.Build.0 = Release|Win32
		{96667F63-58DF-4EF9-B116-87158D9E2CFE}.Debug|x64.ActiveCfg = Debug|x64
		{96667F63-58DF-4EF9-B116-87158D9E2CFE}.Debug|x64.Build.0 = Debug|x64
		{96667F63-58DF-4EF9-B116-87158D9E2CFE}.Debug|x86.ActiveCfg = Debug|Win32
		{96667F63-58DF-4EF9-B116-87158D9E2CFE}.Debug|x86.Build.0 = Debug|Win32
		{96667F63-58DF-4EF9-B116-87158D9E2CFE}.Release|x64.ActiveCfg = Release|x64
		{96667F63-58DF-4EF9-B116-87158D9E2CFE}.Release|x64.Build.0 = Release|x64
		{96667F63-58DF-4EF9-B116-87158D9E2CFE}.Release|x86.ActiveCfg = Release|Win32
		{96667F63-58DF-4EF9-B116-87158D9E2CFE}.Release|x86.Build.0 = Release|Win32
		{CC9633E0-5FAD-4DB4-B0BD-2FFD8B5D6746}.Debug|x64.ActiveCfg = Debug|x64
		{CC9633E0-5FAD-4DB4-B0BD-2FFD8B5D6746}.Debug|x64.Build.0 = Debug|x64
		{CC9633E0-5FAD-4DB4-B0BD-2FFD8B5D6746}.Debug|x86.ActiveCfg = Debug|Win32
		{CC9633E0-5FAD-4DB4-B0BD-2FFD8B5D6746}.Debug|x86.Build.0 = Debug|Win32
		{CC9633E0-5FAD-4DB4-B0BD-2FFD8B5D6746}.Release|x64.ActiveCfg = Release|x64
		{CC9633E0-5FAD-4DB4-B0BD-2FFD8B5D6746}.Release|x64.Build.0 = Release|x64
		{CC9633E0-5FAD-4DB4-B0BD-2FFD8B5D6746}.Release|x86.ActiveCfg = Release|Win32
		{CC9633E0-5FAD-4DB4-B0BD-2FFD8B5D6746}.Release|x86.Build.0 = Release|Win32
		{79A25A18-13B8-4602-A6BC-4FF1B9E49433}.Debug|x64.ActiveCfg = Debug|x64
		{79A25A18-13B8-4602-A6BC-4FF1B9E49433}.Debug|x64.Build.0 = Debug|x64
		{79A25A18-13B8-4602-A6BC-4FF1B9E49433}.Debug|x86.ActiveCfg = Debug|Win32
		{79A25A18-13B8-4602-A6BC-4FF1B9E49433}.Debug|x86.Build.0 = Debug|Win32
		{79A25A18-13B8-4602-A6BC-4FF1B9E49433}.Release|x64.ActiveCfg = Release|x64
		{79A25A18-13B8-4602-A6BC-4FF1B9E49433}.Release|x64.Build.0 = Release|x64
		{79A25A18-13B8-4602-A6BC-4FF1B9E49433}.Release|x86.ActiveCfg = Release|Win32
		{79A25A18-13B8-4602-A6BC-4FF1B9E49433}.Release|x86.Build.0 = Release|Win32
		{AB29D76B-51EC-4332-9E9B-4EF37EE64341}.Debug|x64.ActiveCfg = Debug|x64
		{AB29D76B-51EC-4332-9E9B-4EF37EE64341}.Debug|x64.Build.0 = Debug|x64
		{AB29D76B-51EC-4332-9E9B-4EF37EE64341}.Debug|x86.ActiveCfg = Debug|Win32
		{AB29D76B-51EC-4332-9E9B-4EF37EE64341}.Debug|x86.Build.0 = Debug|Win32
		{AB29D76B-51EC-4332-9E9B-4EF37EE64341}.Release|x64.ActiveCfg = Release|x64
		{AB29D76B-51EC-4332-9E9B-4EF37EE64341}.Release|x64.Build.0 = Release|x64
		{AB29D76B-51EC-4332-9E9B-4EF37EE64341}.Release|x86.ActiveCfg = Release|Win32
		{AB29D76B-51EC-4332-9E9B-4EF37EE64341}.Release|x86.Build.0 = Release|Win32
		{E456373A-C0EE-4C0F-A190-6C9D2EE9D677}.Debug|x64.ActiveCfg = Debug|x64
		{E456373A-C0EE-4C0F-A190-6C9D2EE9D677}.Debug|x64.Build.0 = Debug|x64
		{E456373A-C0EE-4C0F-A190-6C9D2EE9D677}.Debug|x86.ActiveCfg = Debug|Win32
		{E456373A-C0EE-4C0F-A190-6C9D2EE9D677}.Debug|x86.Build.0 = Debug|Win32
		{E456373A-C0EE-4C0F-A190-6C9D2EE9D677}.Release|x64.ActiveCfg = Release|x64
		{E456373A-C0EE-4C0F-A190-6C9D2EE9D677}.Release|x64.Build.0 = Release|x64
		{E456373A-C0EE-4C0F-A190-6C9D2EE9D677}.Release|x86.ActiveCfg = Release|Win32
		{E456373A-C0EE-4C0F-A190-6C9D2EE9D677}.Release|x86.Build.0 = Release|Win32
		{33DB2A1A-C1A1-45AF-8EF0-05474DD492DE}.Debug|x64.ActiveCfg = Debug|x64
		{33DB2A1A-C1A1-45AF-8EF0-05474DD492DE}.Debug|x64.Build.0 = Debug|x64
		{33DB2A1A-C1A1-45AF-8EF0-05474DD492DE}.Debug|x86.ActiveCfg = Debug|Win32
		{33DB2A1A-C1A1-45AF-8EF0-05474DD492DE}.Debug|x86.Build.0 = Debug|Win32
		{33DB2A1A-C1A1-45AF-8EF0-05474DD492DE}.Release|x64.ActiveCfg = Release|x64
		{33DB2A1A-C1A1-45AF-8EF0-05474DD492DE}.Release|x64.Build.0 = Release|x64
		{33DB2A1A-C1A1-45AF-8EF0-05474DD492DE}.Release|x86.ActiveCfg = Release|Win32
		{33DB2A1A-C1A1-45AF-8EF0-05474DD492DE}.Release|x86.Build.0 = Release|Win32
	EndGlobalSection
	GlobalSection(SolutionProperties) = preSolution
		HideSolutionNode = FALSE
	EndGlobalSection
	GlobalSection(ExtensibilityGlobals) = postSolution
		SolutionGuid = {217E8F81-8857-4831-A170-866E5ADA73D5}
	EndGlobalSection
EndGlobal
