
Microsoft Visual Studio Solution File, Format Version 12.00
# Visual Studio Version 16
VisualStudioVersion = 16.0.29020.237
MinimumVisualStudioVersion = 10.0.40219.1
Project("{8BC9CEB8-8B4A-11D0-8D11-00A0C91BC942}") = "CreateDevice", "CreateDevice\CreateDevice.vcxproj", "{087E8966-20F2-4D58-B3B2-86E536210014}"
EndProject
Project("{8BC9CEB8-8B4A-11D0-8D11-00A0C91BC942}") = "PDxCore", "..\Library\PDxCore\PDxCore.vcxproj", "{D6C1D4AA-85DF-423B-96FD-0E0BD50864E2}"
EndProject
Project("{8BC9CEB8-8B4A-11D0-8D11-00A0C91BC942}") = "CreateDevice2", "CreateDevice2\CreateDevice2.vcxproj", "{B7581E30-3703-4732-AC8D-BE745E3E7CEC}"
EndProject
Project("{8BC9CEB8-8B4A-11D0-8D11-00A0C91BC942}") = "CreateDevice3", "CreateDevice3\CreateDevice3.vcxproj", "{1ED08012-9AB8-483E-AED9-07488F7B96BD}"
	ProjectSection(ProjectDependencies) = postProject
		{D6C1D4AA-85DF-423B-96FD-0E0BD50864E2} = {D6C1D4AA-85DF-423B-96FD-0E0BD50864E2}
	EndProjectSection
EndProject
Project("{2150E333-8FDC-42A3-9474-1A3956D46DE8}") = "maxsdk", "maxsdk", "{5E7BABC9-FA24-41D3-A9B8-CE5349D52946}"
EndProject
Project("{8BC9CEB8-8B4A-11D0-8D11-00A0C91BC942}") = "PSCExport", "PSCExport\PSCExport.vcxproj", "{948702ED-286E-4FCD-9999-4B4FC70A5F59}"
EndProject
Project("{8BC9CEB8-8B4A-11D0-8D11-00A0C91BC942}") = "PSCExporter2nd", "PSCExporter2nd\PSCExporter2nd.vcxproj", "{02A15EA5-7639-46CB-83D7-9EE7D6F56501}"
EndProject
Project("{8BC9CEB8-8B4A-11D0-8D11-00A0C91BC942}") = "PSCExporter3rd", "PSCExporter3rd\PSCExporter3rd.vcxproj", "{979B7762-2C2A-4F16-8D9F-1CAAF5E26F0D}"
EndProject
Project("{8BC9CEB8-8B4A-11D0-8D11-00A0C91BC942}") = "CreateDevice4", "CreateDevice4\CreateDevice4.vcxproj", "{F4EC6733-E30A-4FCF-9185-60F7A27687BC}"
	ProjectSection(ProjectDependencies) = postProject
		{D6C1D4AA-85DF-423B-96FD-0E0BD50864E2} = {D6C1D4AA-85DF-423B-96FD-0E0BD50864E2}
	EndProjectSection
EndProject
Project("{8BC9CEB8-8B4A-11D0-8D11-00A0C91BC942}") = "PSC_TBSExporter", "PSC_TBSExporter\PSC_TBSExporter.vcxproj", "{3B317E03-0B65-4633-9521-DC0ABEFAFC53}"
EndProject
Project("{8BC9CEB8-8B4A-11D0-8D11-00A0C91BC942}") = "ModelViewer", "ModelViewer\ModelViewer.vcxproj", "{782B3B16-6FA8-4192-A3C4-94B5A801E2FC}"
	ProjectSection(ProjectDependencies) = postProject
		{D6C1D4AA-85DF-423B-96FD-0E0BD50864E2} = {D6C1D4AA-85DF-423B-96FD-0E0BD50864E2}
	EndProjectSection
EndProject
Project("{8BC9CEB8-8B4A-11D0-8D11-00A0C91BC942}") = "CharacterAnimation", "CharacterAnimation\CharacterAnimation.vcxproj", "{267F9DB5-9B9A-433F-9F7C-530808831308}"
	ProjectSection(ProjectDependencies) = postProject
		{D6C1D4AA-85DF-423B-96FD-0E0BD50864E2} = {D6C1D4AA-85DF-423B-96FD-0E0BD50864E2}
	EndProjectSection
EndProject
Project("{8BC9CEB8-8B4A-11D0-8D11-00A0C91BC942}") = "QuadTree_0", "QuadTree_0\QuadTree_0.vcxproj", "{DB1139C7-FE5D-42D2-9E23-DA8C1764E2C0}"
	ProjectSection(ProjectDependencies) = postProject
		{D6C1D4AA-85DF-423B-96FD-0E0BD50864E2} = {D6C1D4AA-85DF-423B-96FD-0E0BD50864E2}
	EndProjectSection
EndProject
Global
	GlobalSection(SolutionConfigurationPlatforms) = preSolution
		Debug|x64 = Debug|x64
		Debug|x86 = Debug|x86
		Release|x64 = Release|x64
		Release|x86 = Release|x86
	EndGlobalSection
	GlobalSection(ProjectConfigurationPlatforms) = postSolution
		{087E8966-20F2-4D58-B3B2-86E536210014}.Debug|x64.ActiveCfg = Debug|x64
		{087E8966-20F2-4D58-B3B2-86E536210014}.Debug|x64.Build.0 = Debug|x64
		{087E8966-20F2-4D58-B3B2-86E536210014}.Debug|x86.ActiveCfg = Debug|Win32
		{087E8966-20F2-4D58-B3B2-86E536210014}.Debug|x86.Build.0 = Debug|Win32
		{087E8966-20F2-4D58-B3B2-86E536210014}.Release|x64.ActiveCfg = Release|x64
		{087E8966-20F2-4D58-B3B2-86E536210014}.Release|x64.Build.0 = Release|x64
		{087E8966-20F2-4D58-B3B2-86E536210014}.Release|x86.ActiveCfg = Release|Win32
		{087E8966-20F2-4D58-B3B2-86E536210014}.Release|x86.Build.0 = Release|Win32
		{D6C1D4AA-85DF-423B-96FD-0E0BD50864E2}.Debug|x64.ActiveCfg = Debug|x64
		{D6C1D4AA-85DF-423B-96FD-0E0BD50864E2}.Debug|x64.Build.0 = Debug|x64
		{D6C1D4AA-85DF-423B-96FD-0E0BD50864E2}.Debug|x86.ActiveCfg = Debug|Win32
		{D6C1D4AA-85DF-423B-96FD-0E0BD50864E2}.Debug|x86.Build.0 = Debug|Win32
		{D6C1D4AA-85DF-423B-96FD-0E0BD50864E2}.Release|x64.ActiveCfg = Release|x64
		{D6C1D4AA-85DF-423B-96FD-0E0BD50864E2}.Release|x64.Build.0 = Release|x64
		{D6C1D4AA-85DF-423B-96FD-0E0BD50864E2}.Release|x86.ActiveCfg = Release|Win32
		{D6C1D4AA-85DF-423B-96FD-0E0BD50864E2}.Release|x86.Build.0 = Release|Win32
		{B7581E30-3703-4732-AC8D-BE745E3E7CEC}.Debug|x64.ActiveCfg = Debug|x64
		{B7581E30-3703-4732-AC8D-BE745E3E7CEC}.Debug|x64.Build.0 = Debug|x64
		{B7581E30-3703-4732-AC8D-BE745E3E7CEC}.Debug|x86.ActiveCfg = Debug|Win32
		{B7581E30-3703-4732-AC8D-BE745E3E7CEC}.Debug|x86.Build.0 = Debug|Win32
		{B7581E30-3703-4732-AC8D-BE745E3E7CEC}.Release|x64.ActiveCfg = Release|x64
		{B7581E30-3703-4732-AC8D-BE745E3E7CEC}.Release|x64.Build.0 = Release|x64
		{B7581E30-3703-4732-AC8D-BE745E3E7CEC}.Release|x86.ActiveCfg = Release|Win32
		{B7581E30-3703-4732-AC8D-BE745E3E7CEC}.Release|x86.Build.0 = Release|Win32
		{1ED08012-9AB8-483E-AED9-07488F7B96BD}.Debug|x64.ActiveCfg = Debug|x64
		{1ED08012-9AB8-483E-AED9-07488F7B96BD}.Debug|x64.Build.0 = Debug|x64
		{1ED08012-9AB8-483E-AED9-07488F7B96BD}.Debug|x86.ActiveCfg = Debug|Win32
		{1ED08012-9AB8-483E-AED9-07488F7B96BD}.Debug|x86.Build.0 = Debug|Win32
		{1ED08012-9AB8-483E-AED9-07488F7B96BD}.Release|x64.ActiveCfg = Release|x64
		{1ED08012-9AB8-483E-AED9-07488F7B96BD}.Release|x64.Build.0 = Release|x64
		{1ED08012-9AB8-483E-AED9-07488F7B96BD}.Release|x86.ActiveCfg = Release|Win32
		{1ED08012-9AB8-483E-AED9-07488F7B96BD}.Release|x86.Build.0 = Release|Win32
		{948702ED-286E-4FCD-9999-4B4FC70A5F59}.Debug|x64.ActiveCfg = Debug|x64
		{948702ED-286E-4FCD-9999-4B4FC70A5F59}.Debug|x64.Build.0 = Debug|x64
		{948702ED-286E-4FCD-9999-4B4FC70A5F59}.Debug|x86.ActiveCfg = Debug|Win32
		{948702ED-286E-4FCD-9999-4B4FC70A5F59}.Debug|x86.Build.0 = Debug|Win32
		{948702ED-286E-4FCD-9999-4B4FC70A5F59}.Release|x64.ActiveCfg = Release|x64
		{948702ED-286E-4FCD-9999-4B4FC70A5F59}.Release|x64.Build.0 = Release|x64
		{948702ED-286E-4FCD-9999-4B4FC70A5F59}.Release|x86.ActiveCfg = Release|Win32
		{948702ED-286E-4FCD-9999-4B4FC70A5F59}.Release|x86.Build.0 = Release|Win32
		{02A15EA5-7639-46CB-83D7-9EE7D6F56501}.Debug|x64.ActiveCfg = Debug|x64
		{02A15EA5-7639-46CB-83D7-9EE7D6F56501}.Debug|x64.Build.0 = Debug|x64
		{02A15EA5-7639-46CB-83D7-9EE7D6F56501}.Debug|x86.ActiveCfg = Debug|Win32
		{02A15EA5-7639-46CB-83D7-9EE7D6F56501}.Debug|x86.Build.0 = Debug|Win32
		{02A15EA5-7639-46CB-83D7-9EE7D6F56501}.Release|x64.ActiveCfg = Release|x64
		{02A15EA5-7639-46CB-83D7-9EE7D6F56501}.Release|x64.Build.0 = Release|x64
		{02A15EA5-7639-46CB-83D7-9EE7D6F56501}.Release|x86.ActiveCfg = Release|Win32
		{02A15EA5-7639-46CB-83D7-9EE7D6F56501}.Release|x86.Build.0 = Release|Win32
		{979B7762-2C2A-4F16-8D9F-1CAAF5E26F0D}.Debug|x64.ActiveCfg = Debug|x64
		{979B7762-2C2A-4F16-8D9F-1CAAF5E26F0D}.Debug|x64.Build.0 = Debug|x64
		{979B7762-2C2A-4F16-8D9F-1CAAF5E26F0D}.Debug|x86.ActiveCfg = Debug|Win32
		{979B7762-2C2A-4F16-8D9F-1CAAF5E26F0D}.Debug|x86.Build.0 = Debug|Win32
		{979B7762-2C2A-4F16-8D9F-1CAAF5E26F0D}.Release|x64.ActiveCfg = Release|x64
		{979B7762-2C2A-4F16-8D9F-1CAAF5E26F0D}.Release|x64.Build.0 = Release|x64
		{979B7762-2C2A-4F16-8D9F-1CAAF5E26F0D}.Release|x86.ActiveCfg = Release|Win32
		{979B7762-2C2A-4F16-8D9F-1CAAF5E26F0D}.Release|x86.Build.0 = Release|Win32
		{F4EC6733-E30A-4FCF-9185-60F7A27687BC}.Debug|x64.ActiveCfg = Debug|x64
		{F4EC6733-E30A-4FCF-9185-60F7A27687BC}.Debug|x64.Build.0 = Debug|x64
		{F4EC6733-E30A-4FCF-9185-60F7A27687BC}.Debug|x86.ActiveCfg = Debug|Win32
		{F4EC6733-E30A-4FCF-9185-60F7A27687BC}.Debug|x86.Build.0 = Debug|Win32
		{F4EC6733-E30A-4FCF-9185-60F7A27687BC}.Release|x64.ActiveCfg = Release|x64
		{F4EC6733-E30A-4FCF-9185-60F7A27687BC}.Release|x64.Build.0 = Release|x64
		{F4EC6733-E30A-4FCF-9185-60F7A27687BC}.Release|x86.ActiveCfg = Release|Win32
		{F4EC6733-E30A-4FCF-9185-60F7A27687BC}.Release|x86.Build.0 = Release|Win32
		{3B317E03-0B65-4633-9521-DC0ABEFAFC53}.Debug|x64.ActiveCfg = Debug|x64
		{3B317E03-0B65-4633-9521-DC0ABEFAFC53}.Debug|x64.Build.0 = Debug|x64
		{3B317E03-0B65-4633-9521-DC0ABEFAFC53}.Debug|x86.ActiveCfg = Debug|Win32
		{3B317E03-0B65-4633-9521-DC0ABEFAFC53}.Debug|x86.Build.0 = Debug|Win32
		{3B317E03-0B65-4633-9521-DC0ABEFAFC53}.Release|x64.ActiveCfg = Release|x64
		{3B317E03-0B65-4633-9521-DC0ABEFAFC53}.Release|x64.Build.0 = Release|x64
		{3B317E03-0B65-4633-9521-DC0ABEFAFC53}.Release|x86.ActiveCfg = Release|Win32
		{3B317E03-0B65-4633-9521-DC0ABEFAFC53}.Release|x86.Build.0 = Release|Win32
		{782B3B16-6FA8-4192-A3C4-94B5A801E2FC}.Debug|x64.ActiveCfg = Debug|x64
		{782B3B16-6FA8-4192-A3C4-94B5A801E2FC}.Debug|x64.Build.0 = Debug|x64
		{782B3B16-6FA8-4192-A3C4-94B5A801E2FC}.Debug|x86.ActiveCfg = Debug|Win32
		{782B3B16-6FA8-4192-A3C4-94B5A801E2FC}.Debug|x86.Build.0 = Debug|Win32
		{782B3B16-6FA8-4192-A3C4-94B5A801E2FC}.Release|x64.ActiveCfg = Release|x64
		{782B3B16-6FA8-4192-A3C4-94B5A801E2FC}.Release|x64.Build.0 = Release|x64
		{782B3B16-6FA8-4192-A3C4-94B5A801E2FC}.Release|x86.ActiveCfg = Release|Win32
		{782B3B16-6FA8-4192-A3C4-94B5A801E2FC}.Release|x86.Build.0 = Release|Win32
		{267F9DB5-9B9A-433F-9F7C-530808831308}.Debug|x64.ActiveCfg = Debug|x64
		{267F9DB5-9B9A-433F-9F7C-530808831308}.Debug|x64.Build.0 = Debug|x64
		{267F9DB5-9B9A-433F-9F7C-530808831308}.Debug|x86.ActiveCfg = Debug|Win32
		{267F9DB5-9B9A-433F-9F7C-530808831308}.Debug|x86.Build.0 = Debug|Win32
		{267F9DB5-9B9A-433F-9F7C-530808831308}.Release|x64.ActiveCfg = Release|x64
		{267F9DB5-9B9A-433F-9F7C-530808831308}.Release|x64.Build.0 = Release|x64
		{267F9DB5-9B9A-433F-9F7C-530808831308}.Release|x86.ActiveCfg = Release|Win32
		{267F9DB5-9B9A-433F-9F7C-530808831308}.Release|x86.Build.0 = Release|Win32
		{DB1139C7-FE5D-42D2-9E23-DA8C1764E2C0}.Debug|x64.ActiveCfg = Debug|x64
		{DB1139C7-FE5D-42D2-9E23-DA8C1764E2C0}.Debug|x64.Build.0 = Debug|x64
		{DB1139C7-FE5D-42D2-9E23-DA8C1764E2C0}.Debug|x86.ActiveCfg = Debug|Win32
		{DB1139C7-FE5D-42D2-9E23-DA8C1764E2C0}.Debug|x86.Build.0 = Debug|Win32
		{DB1139C7-FE5D-42D2-9E23-DA8C1764E2C0}.Release|x64.ActiveCfg = Release|x64
		{DB1139C7-FE5D-42D2-9E23-DA8C1764E2C0}.Release|x64.Build.0 = Release|x64
		{DB1139C7-FE5D-42D2-9E23-DA8C1764E2C0}.Release|x86.ActiveCfg = Release|Win32
		{DB1139C7-FE5D-42D2-9E23-DA8C1764E2C0}.Release|x86.Build.0 = Release|Win32
	EndGlobalSection
	GlobalSection(SolutionProperties) = preSolution
		HideSolutionNode = FALSE
	EndGlobalSection
	GlobalSection(NestedProjects) = preSolution
		{948702ED-286E-4FCD-9999-4B4FC70A5F59} = {5E7BABC9-FA24-41D3-A9B8-CE5349D52946}
		{02A15EA5-7639-46CB-83D7-9EE7D6F56501} = {5E7BABC9-FA24-41D3-A9B8-CE5349D52946}
		{979B7762-2C2A-4F16-8D9F-1CAAF5E26F0D} = {5E7BABC9-FA24-41D3-A9B8-CE5349D52946}
		{3B317E03-0B65-4633-9521-DC0ABEFAFC53} = {5E7BABC9-FA24-41D3-A9B8-CE5349D52946}
	EndGlobalSection
	GlobalSection(ExtensibilityGlobals) = postSolution
		SolutionGuid = {24B2A9A8-E396-4791-957A-86640C032201}
	EndGlobalSection
EndGlobal
